
Microsoft Visual Studio Solution File, Format Version 12.00
# Visual Studio Version 16
VisualStudioVersion = 16.0.29020.237
MinimumVisualStudioVersion = 10.0.40219.1
Project("{FAE04EC0-301F-11D3-BF4B-00C04F79EFBC}") = "image_collector.UWP", "image_collector\image_collector.UWP\image_collector.UWP.csproj", "{CE6CFD51-440A-486F-B04D-8FDE85EA5DB2}"
EndProject
Project("{FAE04EC0-301F-11D3-BF4B-00C04F79EFBC}") = "image_collector.Android", "image_collector\image_collector.Android\image_collector.Android.csproj", "{195183EB-F02A-4269-BAFA-1CCF0FB76CA7}"
EndProject
Project("{FAE04EC0-301F-11D3-BF4B-00C04F79EFBC}") = "image_collector.iOS", "image_collector\image_collector.iOS\image_collector.iOS.csproj", "{80C03A62-7DC6-4A53-AD51-6130F85AE134}"
EndProject
Project("{FAE04EC0-301F-11D3-BF4B-00C04F79EFBC}") = "image_collector", "image_collector\image_collector\image_collector.csproj", "{B81FB050-5B9C-4584-A8C6-3D494DE7903B}"
EndProject
Global
	GlobalSection(SolutionConfigurationPlatforms) = preSolution
		Debug|Any CPU = Debug|Any CPU
		Debug|ARM = Debug|ARM
		Debug|iPhone = Debug|iPhone
		Debug|iPhoneSimulator = Debug|iPhoneSimulator
		Debug|x64 = Debug|x64
		Debug|x86 = Debug|x86
		Release|Any CPU = Release|Any CPU
		Release|ARM = Release|ARM
		Release|iPhone = Release|iPhone
		Release|iPhoneSimulator = Release|iPhoneSimulator
		Release|x64 = Release|x64
		Release|x86 = Release|x86
	EndGlobalSection
	GlobalSection(ProjectConfigurationPlatforms) = postSolution
		{CE6CFD51-440A-486F-B04D-8FDE85EA5DB2}.Debug|Any CPU.ActiveCfg = Debug|x86
		{CE6CFD51-440A-486F-B04D-8FDE85EA5DB2}.Debug|Any CPU.Build.0 = Debug|x86
		{CE6CFD51-440A-486F-B04D-8FDE85EA5DB2}.Debug|Any CPU.Deploy.0 = Debug|x86
		{CE6CFD51-440A-486F-B04D-8FDE85EA5DB2}.Debug|ARM.ActiveCfg = Debug|ARM
		{CE6CFD51-440A-486F-B04D-8FDE85EA5DB2}.Debug|ARM.Build.0 = Debug|ARM
		{CE6CFD51-440A-486F-B04D-8FDE85EA5DB2}.Debug|ARM.Deploy.0 = Debug|ARM
		{CE6CFD51-440A-486F-B04D-8FDE85EA5DB2}.Debug|iPhone.ActiveCfg = Debug|x86
		{CE6CFD51-440A-486F-B04D-8FDE85EA5DB2}.Debug|iPhone.Build.0 = Debug|x86
		{CE6CFD51-440A-486F-B04D-8FDE85EA5DB2}.Debug|iPhone.Deploy.0 = Debug|x86
		{CE6CFD51-440A-486F-B04D-8FDE85EA5DB2}.Debug|iPhoneSimulator.ActiveCfg = Debug|x86
		{CE6CFD51-440A-486F-B04D-8FDE85EA5DB2}.Debug|iPhoneSimulator.Build.0 = Debug|x86
		{CE6CFD51-440A-486F-B04D-8FDE85EA5DB2}.Debug|iPhoneSimulator.Deploy.0 = Debug|x86
		{CE6CFD51-440A-486F-B04D-8FDE85EA5DB2}.Debug|x64.ActiveCfg = Debug|x64
		{CE6CFD51-440A-486F-B04D-8FDE85EA5DB2}.Debug|x64.Build.0 = Debug|x64
		{CE6CFD51-440A-486F-B04D-8FDE85EA5DB2}.Debug|x64.Deploy.0 = Debug|x64
		{CE6CFD51-440A-486F-B04D-8FDE85EA5DB2}.Debug|x86.ActiveCfg = Debug|x86
		{CE6CFD51-440A-486F-B04D-8FDE85EA5DB2}.Debug|x86.Build.0 = Debug|x86
		{CE6CFD51-440A-486F-B04D-8FDE85EA5DB2}.Debug|x86.Deploy.0 = Debug|x86
		{CE6CFD51-440A-486F-B04D-8FDE85EA5DB2}.Release|Any CPU.ActiveCfg = Release|x86
		{CE6CFD51-440A-486F-B04D-8FDE85EA5DB2}.Release|Any CPU.Build.0 = Release|x86
		{CE6CFD51-440A-486F-B04D-8FDE85EA5DB2}.Release|Any CPU.Deploy.0 = Release|x86
		{CE6CFD51-440A-486F-B04D-8FDE85EA5DB2}.Release|ARM.ActiveCfg = Release|ARM
		{CE6CFD51-440A-486F-B04D-8FDE85EA5DB2}.Release|ARM.Build.0 = Release|ARM
		{CE6CFD51-440A-486F-B04D-8FDE85EA5DB2}.Release|ARM.Deploy.0 = Release|ARM
		{CE6CFD51-440A-486F-B04D-8FDE85EA5DB2}.Release|iPhone.ActiveCfg = Release|x86
		{CE6CFD51-440A-486F-B04D-8FDE85EA5DB2}.Release|iPhone.Build.0 = Release|x86
		{CE6CFD51-440A-486F-B04D-8FDE85EA5DB2}.Release|iPhone.Deploy.0 = Release|x86
		{CE6CFD51-440A-486F-B04D-8FDE85EA5DB2}.Release|iPhoneSimulator.ActiveCfg = Release|x86
		{CE6CFD51-440A-486F-B04D-8FDE85EA5DB2}.Release|iPhoneSimulator.Build.0 = Release|x86
		{CE6CFD51-440A-486F-B04D-8FDE85EA5DB2}.Release|iPhoneSimulator.Deploy.0 = Release|x86
		{CE6CFD51-440A-486F-B04D-8FDE85EA5DB2}.Release|x64.ActiveCfg = Release|x64
		{CE6CFD51-440A-486F-B04D-8FDE85EA5DB2}.Release|x64.Build.0 = Release|x64
		{CE6CFD51-440A-486F-B04D-8FDE85EA5DB2}.Release|x64.Deploy.0 = Release|x64
		{CE6CFD51-440A-486F-B04D-8FDE85EA5DB2}.Release|x86.ActiveCfg = Release|x86
		{CE6CFD51-440A-486F-B04D-8FDE85EA5DB2}.Release|x86.Build.0 = Release|x86
		{CE6CFD51-440A-486F-B04D-8FDE85EA5DB2}.Release|x86.Deploy.0 = Release|x86
		{195183EB-F02A-4269-BAFA-1CCF0FB76CA7}.Debug|Any CPU.ActiveCfg = Debug|Any CPU
		{195183EB-F02A-4269-BAFA-1CCF0FB76CA7}.Debug|Any CPU.Build.0 = Debug|Any CPU
		{195183EB-F02A-4269-BAFA-1CCF0FB76CA7}.Debug|Any CPU.Deploy.0 = Debug|Any CPU
		{195183EB-F02A-4269-BAFA-1CCF0FB76CA7}.Debug|ARM.ActiveCfg = Debug|Any CPU
		{195183EB-F02A-4269-BAFA-1CCF0FB76CA7}.Debug|ARM.Build.0 = Debug|Any CPU
		{195183EB-F02A-4269-BAFA-1CCF0FB76CA7}.Debug|ARM.Deploy.0 = Debug|Any CPU
		{195183EB-F02A-4269-BAFA-1CCF0FB76CA7}.Debug|iPhone.ActiveCfg = Debug|Any CPU
		{195183EB-F02A-4269-BAFA-1CCF0FB76CA7}.Debug|iPhone.Build.0 = Debug|Any CPU
		{195183EB-F02A-4269-BAFA-1CCF0FB76CA7}.Debug|iPhone.Deploy.0 = Debug|Any CPU
		{195183EB-F02A-4269-BAFA-1CCF0FB76CA7}.Debug|iPhoneSimulator.ActiveCfg = Debug|Any CPU
		{195183EB-F02A-4269-BAFA-1CCF0FB76CA7}.Debug|iPhoneSimulator.Build.0 = Debug|Any CPU
		{195183EB-F02A-4269-BAFA-1CCF0FB76CA7}.Debug|iPhoneSimulator.Deploy.0 = Debug|Any CPU
		{195183EB-F02A-4269-BAFA-1CCF0FB76CA7}.Debug|x64.ActiveCfg = Debug|Any CPU
		{195183EB-F02A-4269-BAFA-1CCF0FB76CA7}.Debug|x64.Build.0 = Debug|Any CPU
		{195183EB-F02A-4269-BAFA-1CCF0FB76CA7}.Debug|x64.Deploy.0 = Debug|Any CPU
		{195183EB-F02A-4269-BAFA-1CCF0FB76CA7}.Debug|x86.ActiveCfg = Debug|Any CPU
		{195183EB-F02A-4269-BAFA-1CCF0FB76CA7}.Debug|x86.Build.0 = Debug|Any CPU
		{195183EB-F02A-4269-BAFA-1CCF0FB76CA7}.Debug|x86.Deploy.0 = Debug|Any CPU
		{195183EB-F02A-4269-BAFA-1CCF0FB76CA7}.Release|Any CPU.ActiveCfg = Release|Any CPU
		{195183EB-F02A-4269-BAFA-1CCF0FB76CA7}.Release|Any CPU.Build.0 = Release|Any CPU
		{195183EB-F02A-4269-BAFA-1CCF0FB76CA7}.Release|Any CPU.Deploy.0 = Release|Any CPU
		{195183EB-F02A-4269-BAFA-1CCF0FB76CA7}.Release|ARM.ActiveCfg = Release|Any CPU
		{195183EB-F02A-4269-BAFA-1CCF0FB76CA7}.Release|ARM.Build.0 = Release|Any CPU
		{195183EB-F02A-4269-BAFA-1CCF0FB76CA7}.Release|ARM.Deploy.0 = Release|Any CPU
		{195183EB-F02A-4269-BAFA-1CCF0FB76CA7}.Release|iPhone.ActiveCfg = Release|Any CPU
		{195183EB-F02A-4269-BAFA-1CCF0FB76CA7}.Release|iPhone.Build.0 = Release|Any CPU
		{195183EB-F02A-4269-BAFA-1CCF0FB76CA7}.Release|iPhone.Deploy.0 = Release|Any CPU
		{195183EB-F02A-4269-BAFA-1CCF0FB76CA7}.Release|iPhoneSimulator.ActiveCfg = Release|Any CPU
		{195183EB-F02A-4269-BAFA-1CCF0FB76CA7}.Release|iPhoneSimulator.Build.0 = Release|Any CPU
		{195183EB-F02A-4269-BAFA-1CCF0FB76CA7}.Release|iPhoneSimulator.Deploy.0 = Release|Any CPU
		{195183EB-F02A-4269-BAFA-1CCF0FB76CA7}.Release|x64.ActiveCfg = Release|Any CPU
		{195183EB-F02A-4269-BAFA-1CCF0FB76CA7}.Release|x64.Build.0 = Release|Any CPU
		{195183EB-F02A-4269-BAFA-1CCF0FB76CA7}.Release|x64.Deploy.0 = Release|Any CPU
		{195183EB-F02A-4269-BAFA-1CCF0FB76CA7}.Release|x86.ActiveCfg = Release|Any CPU
		{195183EB-F02A-4269-BAFA-1CCF0FB76CA7}.Release|x86.Build.0 = Release|Any CPU
		{195183EB-F02A-4269-BAFA-1CCF0FB76CA7}.Release|x86.Deploy.0 = Release|Any CPU
		{80C03A62-7DC6-4A53-AD51-6130F85AE134}.Debug|Any CPU.ActiveCfg = Debug|iPhone
		{80C03A62-7DC6-4A53-AD51-6130F85AE134}.Debug|Any CPU.Build.0 = Debug|iPhone
		{80C03A62-7DC6-4A53-AD51-6130F85AE134}.Debug|Any CPU.Deploy.0 = Debug|iPhone
		{80C03A62-7DC6-4A53-AD51-6130F85AE134}.Debug|ARM.ActiveCfg = Debug|iPhoneSimulator
		{80C03A62-7DC6-4A53-AD51-6130F85AE134}.Debug|ARM.Build.0 = Debug|iPhoneSimulator
		{80C03A62-7DC6-4A53-AD51-6130F85AE134}.Debug|ARM.Deploy.0 = Debug|iPhoneSimulator
		{80C03A62-7DC6-4A53-AD51-6130F85AE134}.Debug|iPhone.ActiveCfg = Debug|iPhone
		{80C03A62-7DC6-4A53-AD51-6130F85AE134}.Debug|iPhone.Build.0 = Debug|iPhone
		{80C03A62-7DC6-4A53-AD51-6130F85AE134}.Debug|iPhone.Deploy.0 = Debug|iPhone
		{80C03A62-7DC6-4A53-AD51-6130F85AE134}.Debug|iPhoneSimulator.ActiveCfg = Debug|iPhoneSimulator
		{80C03A62-7DC6-4A53-AD51-6130F85AE134}.Debug|iPhoneSimulator.Build.0 = Debug|iPhoneSimulator
		{80C03A62-7DC6-4A53-AD51-6130F85AE134}.Debug|iPhoneSimulator.Deploy.0 = Debug|iPhoneSimulator
		{80C03A62-7DC6-4A53-AD51-6130F85AE134}.Debug|x64.ActiveCfg = Debug|iPhone
		{80C03A62-7DC6-4A53-AD51-6130F85AE134}.Debug|x64.Build.0 = Debug|iPhone
		{80C03A62-7DC6-4A53-AD51-6130F85AE134}.Debug|x64.Deploy.0 = Debug|iPhone
		{80C03A62-7DC6-4A53-AD51-6130F85AE134}.Debug|x86.ActiveCfg = Debug|iPhone
		{80C03A62-7DC6-4A53-AD51-6130F85AE134}.Debug|x86.Build.0 = Debug|iPhone
		{80C03A62-7DC6-4A53-AD51-6130F85AE134}.Debug|x86.Deploy.0 = Debug|iPhone
		{80C03A62-7DC6-4A53-AD51-6130F85AE134}.Release|Any CPU.ActiveCfg = Release|iPhone
		{80C03A62-7DC6-4A53-AD51-6130F85AE134}.Release|Any CPU.Build.0 = Release|iPhone
		{80C03A62-7DC6-4A53-AD51-6130F85AE134}.Release|Any CPU.Deploy.0 = Release|iPhone
		{80C03A62-7DC6-4A53-AD51-6130F85AE134}.Release|ARM.ActiveCfg = Release|iPhone
		{80C03A62-7DC6-4A53-AD51-6130F85AE134}.Release|ARM.Build.0 = Release|iPhone
		{80C03A62-7DC6-4A53-AD51-6130F85AE134}.Release|ARM.Deploy.0 = Release|iPhone
		{80C03A62-7DC6-4A53-AD51-6130F85AE134}.Release|iPhone.ActiveCfg = Release|iPhone
		{80C03A62-7DC6-4A53-AD51-6130F85AE134}.Release|iPhone.Build.0 = Release|iPhone
		{80C03A62-7DC6-4A53-AD51-6130F85AE134}.Release|iPhone.Deploy.0 = Release|iPhone
		{80C03A62-7DC6-4A53-AD51-6130F85AE134}.Release|iPhoneSimulator.ActiveCfg = Release|iPhoneSimulator
		{80C03A62-7DC6-4A53-AD51-6130F85AE134}.Release|iPhoneSimulator.Build.0 = Release|iPhoneSimulator
		{80C03A62-7DC6-4A53-AD51-6130F85AE134}.Release|iPhoneSimulator.Deploy.0 = Release|iPhoneSimulator
		{80C03A62-7DC6-4A53-AD51-6130F85AE134}.Release|x64.ActiveCfg = Release|iPhone
		{80C03A62-7DC6-4A53-AD51-6130F85AE134}.Release|x64.Build.0 = Release|iPhone
		{80C03A62-7DC6-4A53-AD51-6130F85AE134}.Release|x64.Deploy.0 = Release|iPhone
		{80C03A62-7DC6-4A53-AD51-6130F85AE134}.Release|x86.ActiveCfg = Release|iPhone
		{80C03A62-7DC6-4A53-AD51-6130F85AE134}.Release|x86.Build.0 = Release|iPhone
		{80C03A62-7DC6-4A53-AD51-6130F85AE134}.Release|x86.Deploy.0 = Release|iPhone
		{B81FB050-5B9C-4584-A8C6-3D494DE7903B}.Debug|Any CPU.ActiveCfg = Debug|Any CPU
		{B81FB050-5B9C-4584-A8C6-3D494DE7903B}.Debug|Any CPU.Build.0 = Debug|Any CPU
		{B81FB050-5B9C-4584-A8C6-3D494DE7903B}.Debug|Any CPU.Deploy.0 = Debug|Any CPU
		{B81FB050-5B9C-4584-A8C6-3D494DE7903B}.Debug|ARM.ActiveCfg = Debug|Any CPU
		{B81FB050-5B9C-4584-A8C6-3D494DE7903B}.Debug|ARM.Build.0 = Debug|Any CPU
		{B81FB050-5B9C-4584-A8C6-3D494DE7903B}.Debug|ARM.Deploy.0 = Debug|Any CPU
		{B81FB050-5B9C-4584-A8C6-3D494DE7903B}.Debug|iPhone.ActiveCfg = Debug|Any CPU
		{B81FB050-5B9C-4584-A8C6-3D494DE7903B}.Debug|iPhone.Build.0 = Debug|Any CPU
		{B81FB050-5B9C-4584-A8C6-3D494DE7903B}.Debug|iPhone.Deploy.0 = Debug|Any CPU
		{B81FB050-5B9C-4584-A8C6-3D494DE7903B}.Debug|iPhoneSimulator.ActiveCfg = Debug|Any CPU
		{B81FB050-5B9C-4584-A8C6-3D494DE7903B}.Debug|iPhoneSimulator.Build.0 = Debug|Any CPU
		{B81FB050-5B9C-4584-A8C6-3D494DE7903B}.Debug|iPhoneSimulator.Deploy.0 = Debug|Any CPU
		{B81FB050-5B9C-4584-A8C6-3D494DE7903B}.Debug|x64.ActiveCfg = Debug|Any CPU
		{B81FB050-5B9C-4584-A8C6-3D494DE7903B}.Debug|x64.Build.0 = Debug|Any CPU
		{B81FB050-5B9C-4584-A8C6-3D494DE7903B}.Debug|x64.Deploy.0 = Debug|Any CPU
		{B81FB050-5B9C-4584-A8C6-3D494DE7903B}.Debug|x86.ActiveCfg = Debug|Any CPU
		{B81FB050-5B9C-4584-A8C6-3D494DE7903B}.Debug|x86.Build.0 = Debug|Any CPU
		{B81FB050-5B9C-4584-A8C6-3D494DE7903B}.Debug|x86.Deploy.0 = Debug|Any CPU
		{B81FB050-5B9C-4584-A8C6-3D494DE7903B}.Release|Any CPU.ActiveCfg = Release|Any CPU
		{B81FB050-5B9C-4584-A8C6-3D494DE7903B}.Release|Any CPU.Build.0 = Release|Any CPU
		{B81FB050-5B9C-4584-A8C6-3D494DE7903B}.Release|Any CPU.Deploy.0 = Release|Any CPU
		{B81FB050-5B9C-4584-A8C6-3D494DE7903B}.Release|ARM.ActiveCfg = Release|Any CPU
		{B81FB050-5B9C-4584-A8C6-3D494DE7903B}.Release|ARM.Build.0 = Release|Any CPU
		{B81FB050-5B9C-4584-A8C6-3D494DE7903B}.Release|ARM.Deploy.0 = Release|Any CPU
		{B81FB050-5B9C-4584-A8C6-3D494DE7903B}.Release|iPhone.ActiveCfg = Release|Any CPU
		{B81FB050-5B9C-4584-A8C6-3D494DE7903B}.Release|iPhone.Build.0 = Release|Any CPU
		{B81FB050-5B9C-4584-A8C6-3D494DE7903B}.Release|iPhone.Deploy.0 = Release|Any CPU
		{B81FB050-5B9C-4584-A8C6-3D494DE7903B}.Release|iPhoneSimulator.ActiveCfg = Release|Any CPU
		{B81FB050-5B9C-4584-A8C6-3D494DE7903B}.Release|iPhoneSimulator.Build.0 = Release|Any CPU
		{B81FB050-5B9C-4584-A8C6-3D494DE7903B}.Release|iPhoneSimulator.Deploy.0 = Release|Any CPU
		{B81FB050-5B9C-4584-A8C6-3D494DE7903B}.Release|x64.ActiveCfg = Release|Any CPU
		{B81FB050-5B9C-4584-A8C6-3D494DE7903B}.Release|x64.Build.0 = Release|Any CPU
		{B81FB050-5B9C-4584-A8C6-3D494DE7903B}.Release|x64.Deploy.0 = Release|Any CPU
		{B81FB050-5B9C-4584-A8C6-3D494DE7903B}.Release|x86.ActiveCfg = Release|Any CPU
		{B81FB050-5B9C-4584-A8C6-3D494DE7903B}.Release|x86.Build.0 = Release|Any CPU
		{B81FB050-5B9C-4584-A8C6-3D494DE7903B}.Release|x86.Deploy.0 = Release|Any CPU
	EndGlobalSection
	GlobalSection(SolutionProperties) = preSolution
		HideSolutionNode = FALSE
	EndGlobalSection
	GlobalSection(ExtensibilityGlobals) = postSolution
		SolutionGuid = {8DA67645-33E1-4279-AABA-C55B152B2491}
	EndGlobalSection
EndGlobal
